// !$*UTF8*$!
{
	archiveVersion = 1;
	classes = {
	};
	objectVersion = 46;
	objects = {

/* Begin PBXBuildFile section */
		6242E8CB1ACDC44D00061F51 /* GLUT.framework in Frameworks */ = {isa = PBXBuildFile; fileRef = 6242E8CA1ACDC44D00061F51 /* GLUT.framework */; };
		6242E8CD1ACDC45A00061F51 /* OpenGL.framework in Frameworks */ = {isa = PBXBuildFile; fileRef = 6242E8CC1ACDC45A00061F51 /* OpenGL.framework */; };
		6251C6A81AD581E700A18922 /* glm_util.c in Sources */ = {isa = PBXBuildFile; fileRef = 6251C69B1AD581E700A18922 /* glm_util.c */; };
		6251C6A91AD581E700A18922 /* glm.c in Sources */ = {isa = PBXBuildFile; fileRef = 6251C69C1AD581E700A18922 /* glm.c */; };
		6251C6AA1AD581E700A18922 /* glmimg_devil.c in Sources */ = {isa = PBXBuildFile; fileRef = 6251C69E1AD581E700A18922 /* glmimg_devil.c */; };
		6251C6AB1AD581E700A18922 /* glmimg_jpg.c in Sources */ = {isa = PBXBuildFile; fileRef = 6251C69F1AD581E700A18922 /* glmimg_jpg.c */; };
		6251C6AC1AD581E700A18922 /* glmimg_png.c in Sources */ = {isa = PBXBuildFile; fileRef = 6251C6A01AD581E700A18922 /* glmimg_png.c */; };
		6251C6AD1AD581E700A18922 /* glmimg_sdl.c in Sources */ = {isa = PBXBuildFile; fileRef = 6251C6A11AD581E700A18922 /* glmimg_sdl.c */; };
		6251C6AE1AD581E700A18922 /* glmimg_sim.c in Sources */ = {isa = PBXBuildFile; fileRef = 6251C6A21AD581E700A18922 /* glmimg_sim.c */; };
		6251C6AF1AD581E700A18922 /* glmimg.c in Sources */ = {isa = PBXBuildFile; fileRef = 6251C6A31AD581E700A18922 /* glmimg.c */; };
		6269BFB81ACCAAA400286BD2 /* main.cpp in Sources */ = {isa = PBXBuildFile; fileRef = 6269BFB71ACCAAA400286BD2 /* main.cpp */; };
/* End PBXBuildFile section */

/* Begin PBXCopyFilesBuildPhase section */
		6269BFB21ACCAAA400286BD2 /* CopyFiles */ = {
			isa = PBXCopyFilesBuildPhase;
			buildActionMask = 2147483647;
			dstPath = /usr/share/man/man1/;
			dstSubfolderSpec = 0;
			files = (
			);
			runOnlyForDeploymentPostprocessing = 1;
		};
/* End PBXCopyFilesBuildPhase section */

/* Begin PBXFileReference section */
		6242E8CA1ACDC44D00061F51 /* GLUT.framework */ = {isa = PBXFileReference; lastKnownFileType = wrapper.framework; name = GLUT.framework; path = System/Library/Frameworks/GLUT.framework; sourceTree = SDKROOT; };
		6242E8CC1ACDC45A00061F51 /* OpenGL.framework */ = {isa = PBXFileReference; lastKnownFileType = wrapper.framework; name = OpenGL.framework; path = System/Library/Frameworks/OpenGL.framework; sourceTree = SDKROOT; };
		6251C69B1AD581E700A18922 /* glm_util.c */ = {isa = PBXFileReference; fileEncoding = 4; lastKnownFileType = sourcecode.c.c; path = glm_util.c; sourceTree = "<group>"; };
		6251C69C1AD581E700A18922 /* glm.c */ = {isa = PBXFileReference; fileEncoding = 4; lastKnownFileType = sourcecode.c.c; path = glm.c; sourceTree = "<group>"; };
		6251C69D1AD581E700A18922 /* glm.h */ = {isa = PBXFileReference; fileEncoding = 4; lastKnownFileType = sourcecode.c.h; path = glm.h; sourceTree = "<group>"; };
		6251C69E1AD581E700A18922 /* glmimg_devil.c */ = {isa = PBXFileReference; fileEncoding = 4; lastKnownFileType = sourcecode.c.c; path = glmimg_devil.c; sourceTree = "<group>"; };
		6251C69F1AD581E700A18922 /* glmimg_jpg.c */ = {isa = PBXFileReference; fileEncoding = 4; lastKnownFileType = sourcecode.c.c; path = glmimg_jpg.c; sourceTree = "<group>"; };
		6251C6A01AD581E700A18922 /* glmimg_png.c */ = {isa = PBXFileReference; fileEncoding = 4; lastKnownFileType = sourcecode.c.c; path = glmimg_png.c; sourceTree = "<group>"; };
		6251C6A11AD581E700A18922 /* glmimg_sdl.c */ = {isa = PBXFileReference; fileEncoding = 4; lastKnownFileType = sourcecode.c.c; path = glmimg_sdl.c; sourceTree = "<group>"; };
		6251C6A21AD581E700A18922 /* glmimg_sim.c */ = {isa = PBXFileReference; fileEncoding = 4; lastKnownFileType = sourcecode.c.c; path = glmimg_sim.c; sourceTree = "<group>"; };
		6251C6A31AD581E700A18922 /* glmimg.c */ = {isa = PBXFileReference; fileEncoding = 4; lastKnownFileType = sourcecode.c.c; path = glmimg.c; sourceTree = "<group>"; };
		6251C6A41AD581E700A18922 /* glmint.h */ = {isa = PBXFileReference; fileEncoding = 4; lastKnownFileType = sourcecode.c.h; path = glmint.h; sourceTree = "<group>"; };
		6251C6A61AD581E700A18922 /* donut1.mtl */ = {isa = PBXFileReference; fileEncoding = 4; lastKnownFileType = text; path = donut1.mtl; sourceTree = "<group>"; };
		6251C6A71AD581E700A18922 /* donut1.obj */ = {isa = PBXFileReference; fileEncoding = 4; lastKnownFileType = text; path = donut1.obj; sourceTree = "<group>"; };
		6269BFB41ACCAAA400286BD2 /* FinalGraficas */ = {isa = PBXFileReference; explicitFileType = "compiled.mach-o.executable"; includeInIndex = 0; path = FinalGraficas; sourceTree = BUILT_PRODUCTS_DIR; };
		6269BFB71ACCAAA400286BD2 /* main.cpp */ = {isa = PBXFileReference; lastKnownFileType = sourcecode.cpp.cpp; path = main.cpp; sourceTree = "<group>"; };
		6269BFC31ACCB0D400286BD2 /* Pelota.h */ = {isa = PBXFileReference; lastKnownFileType = sourcecode.c.h; name = Pelota.h; path = ../Pelota.h; sourceTree = "<group>"; };
		62B0313B1ADB771600EECC94 /* imageloader.h */ = {isa = PBXFileReference; fileEncoding = 4; lastKnownFileType = sourcecode.c.h; path = imageloader.h; sourceTree = "<group>"; };
/* End PBXFileReference section */

/* Begin PBXFrameworksBuildPhase section */
		6269BFB11ACCAAA400286BD2 /* Frameworks */ = {
			isa = PBXFrameworksBuildPhase;
			buildActionMask = 2147483647;
			files = (
				6242E8CD1ACDC45A00061F51 /* OpenGL.framework in Frameworks */,
				6242E8CB1ACDC44D00061F51 /* GLUT.framework in Frameworks */,
			);
			runOnlyForDeploymentPostprocessing = 0;
		};
/* End PBXFrameworksBuildPhase section */

/* Begin PBXGroup section */
		6251C6A51AD581E700A18922 /* modelos3d */ = {
			isa = PBXGroup;
			children = (
				6251C6A61AD581E700A18922 /* donut1.mtl */,
				6251C6A71AD581E700A18922 /* donut1.obj */,
			);
			path = modelos3d;
			sourceTree = "<group>";
		};
		6269BFAB1ACCAAA400286BD2 = {
			isa = PBXGroup;
			children = (
				6242E8CC1ACDC45A00061F51 /* OpenGL.framework */,
				6242E8CA1ACDC44D00061F51 /* GLUT.framework */,
				6269BFB61ACCAAA400286BD2 /* FinalGraficas */,
				6269BFB51ACCAAA400286BD2 /* Products */,
			);
			sourceTree = "<group>";
		};
		6269BFB51ACCAAA400286BD2 /* Products */ = {
			isa = PBXGroup;
			children = (
				6269BFB41ACCAAA400286BD2 /* FinalGraficas */,
			);
			name = Products;
			sourceTree = "<group>";
		};
		6269BFB61ACCAAA400286BD2 /* FinalGraficas */ = {
			isa = PBXGroup;
			children = (
				6269BFC31ACCB0D400286BD2 /* Pelota.h */,
				6269BFB71ACCAAA400286BD2 /* main.cpp */,
				62B0313B1ADB771600EECC94 /* imageloader.h */,
				6251C69B1AD581E700A18922 /* glm_util.c */,
				6251C69C1AD581E700A18922 /* glm.c */,
				6251C69D1AD581E700A18922 /* glm.h */,
				6251C69E1AD581E700A18922 /* glmimg_devil.c */,
				6251C69F1AD581E700A18922 /* glmimg_jpg.c */,
				6251C6A01AD581E700A18922 /* glmimg_png.c */,
				6251C6A11AD581E700A18922 /* glmimg_sdl.c */,
				6251C6A21AD581E700A18922 /* glmimg_sim.c */,
				6251C6A31AD581E700A18922 /* glmimg.c */,
				6251C6A41AD581E700A18922 /* glmint.h */,
				6251C6A51AD581E700A18922 /* modelos3d */,
			);
			path = FinalGraficas;
			sourceTree = "<group>";
		};
/* End PBXGroup section */

/* Begin PBXNativeTarget section */
		6269BFB31ACCAAA400286BD2 /* FinalGraficas */ = {
			isa = PBXNativeTarget;
			buildConfigurationList = 6269BFBB1ACCAAA400286BD2 /* Build configuration list for PBXNativeTarget "FinalGraficas" */;
			buildPhases = (
				6269BFB01ACCAAA400286BD2 /* Sources */,
				6269BFB11ACCAAA400286BD2 /* Frameworks */,
				6269BFB21ACCAAA400286BD2 /* CopyFiles */,
			);
			buildRules = (
			);
			dependencies = (
			);
			name = FinalGraficas;
			productName = FinalGraficas;
			productReference = 6269BFB41ACCAAA400286BD2 /* FinalGraficas */;
			productType = "com.apple.product-type.tool";
		};
/* End PBXNativeTarget section */

/* Begin PBXProject section */
		6269BFAC1ACCAAA400286BD2 /* Project object */ = {
			isa = PBXProject;
			attributes = {
				LastUpgradeCheck = 0620;
				ORGANIZATIONNAME = ITESM;
				TargetAttributes = {
					6269BFB31ACCAAA400286BD2 = {
						CreatedOnToolsVersion = 6.2;
					};
				};
			};
			buildConfigurationList = 6269BFAF1ACCAAA400286BD2 /* Build configuration list for PBXProject "FinalGraficas" */;
			compatibilityVersion = "Xcode 3.2";
			developmentRegion = English;
			hasScannedForEncodings = 0;
			knownRegions = (
				en,
			);
			mainGroup = 6269BFAB1ACCAAA400286BD2;
			productRefGroup = 6269BFB51ACCAAA400286BD2 /* Products */;
			projectDirPath = "";
			projectRoot = "";
			targets = (
				6269BFB31ACCAAA400286BD2 /* FinalGraficas */,
			);
		};
/* End PBXProject section */

/* Begin PBXSourcesBuildPhase section */
		6269BFB01ACCAAA400286BD2 /* Sources */ = {
			isa = PBXSourcesBuildPhase;
			buildActionMask = 2147483647;
			files = (
				6251C6A91AD581E700A18922 /* glm.c in Sources */,
				6251C6A81AD581E700A18922 /* glm_util.c in Sources */,
				6251C6AF1AD581E700A18922 /* glmimg.c in Sources */,
				6251C6AE1AD581E700A18922 /* glmimg_sim.c in Sources */,
				6251C6AC1AD581E700A18922 /* glmimg_png.c in Sources */,
				6269BFB81ACCAAA400286BD2 /* main.cpp in Sources */,
				6251C6AD1AD581E700A18922 /* glmimg_sdl.c in Sources */,
				6251C6AB1AD581E700A18922 /* glmimg_jpg.c in Sources */,
				6251C6AA1AD581E700A18922 /* glmimg_devil.c in Sources */,
			);
			runOnlyForDeploymentPostprocessing = 0;
		};
/* End PBXSourcesBuildPhase section */

/* Begin XCBuildConfiguration section */
		6269BFB91ACCAAA400286BD2 /* Debug */ = {
			isa = XCBuildConfiguration;
			buildSettings = {
				ALWAYS_SEARCH_USER_PATHS = NO;
				CLANG_CXX_LANGUAGE_STANDARD = "gnu++0x";
				CLANG_CXX_LIBRARY = "libc++";
				CLANG_ENABLE_MODULES = YES;
				CLANG_ENABLE_OBJC_ARC = YES;
				CLANG_WARN_BOOL_CONVERSION = YES;
				CLANG_WARN_CONSTANT_CONVERSION = YES;
				CLANG_WARN_DIRECT_OBJC_ISA_USAGE = YES_ERROR;
				CLANG_WARN_EMPTY_BODY = YES;
				CLANG_WARN_ENUM_CONVERSION = YES;
				CLANG_WARN_INT_CONVERSION = YES;
				CLANG_WARN_OBJC_ROOT_CLASS = YES_ERROR;
				CLANG_WARN_UNREACHABLE_CODE = YES;
				CLANG_WARN__DUPLICATE_METHOD_MATCH = YES;
				COPY_PHASE_STRIP = NO;
				ENABLE_STRICT_OBJC_MSGSEND = YES;
				GCC_C_LANGUAGE_STANDARD = gnu99;
				GCC_DYNAMIC_NO_PIC = NO;
				GCC_OPTIMIZATION_LEVEL = 0;
				GCC_PREPROCESSOR_DEFINITIONS = (
					"DEBUG=1",
					"$(inherited)",
				);
				GCC_SYMBOLS_PRIVATE_EXTERN = NO;
				GCC_WARN_64_TO_32_BIT_CONVERSION = YES;
				GCC_WARN_ABOUT_RETURN_TYPE = YES_ERROR;
				GCC_WARN_UNDECLARED_SELECTOR = YES;
				GCC_WARN_UNINITIALIZED_AUTOS = YES_AGGRESSIVE;
				GCC_WARN_UNUSED_FUNCTION = YES;
				GCC_WARN_UNUSED_VARIABLE = YES;
				MACOSX_DEPLOYMENT_TARGET = 10.10;
				MTL_ENABLE_DEBUG_INFO = YES;
				ONLY_ACTIVE_ARCH = YES;
				SDKROOT = macosx;
			};
			name = Debug;
		};
		6269BFBA1ACCAAA400286BD2 /* Release */ = {
			isa = XCBuildConfiguration;
			buildSettings = {
				ALWAYS_SEARCH_USER_PATHS = NO;
				CLANG_CXX_LANGUAGE_STANDARD = "gnu++0x";
				CLANG_CXX_LIBRARY = "libc++";
				CLANG_ENABLE_MODULES = YES;
				CLANG_ENABLE_OBJC_ARC = YES;
				CLANG_WARN_BOOL_CONVERSION = YES;
				CLANG_WARN_CONSTANT_CONVERSION = YES;
				CLANG_WARN_DIRECT_OBJC_ISA_USAGE = YES_ERROR;
				CLANG_WARN_EMPTY_BODY = YES;
				CLANG_WARN_ENUM_CONVERSION = YES;
				CLANG_WARN_INT_CONVERSION = YES;
				CLANG_WARN_OBJC_ROOT_CLASS = YES_ERROR;
				CLANG_WARN_UNREACHABLE_CODE = YES;
				CLANG_WARN__DUPLICATE_METHOD_MATCH = YES;
				COPY_PHASE_STRIP = NO;
				DEBUG_INFORMATION_FORMAT = "dwarf-with-dsym";
				ENABLE_NS_ASSERTIONS = NO;
				ENABLE_STRICT_OBJC_MSGSEND = YES;
				GCC_C_LANGUAGE_STANDARD = gnu99;
				GCC_WARN_64_TO_32_BIT_CONVERSION = YES;
				GCC_WARN_ABOUT_RETURN_TYPE = YES_ERROR;
				GCC_WARN_UNDECLARED_SELECTOR = YES;
				GCC_WARN_UNINITIALIZED_AUTOS = YES_AGGRESSIVE;
				GCC_WARN_UNUSED_FUNCTION = YES;
				GCC_WARN_UNUSED_VARIABLE = YES;
				MACOSX_DEPLOYMENT_TARGET = 10.10;
				MTL_ENABLE_DEBUG_INFO = NO;
				SDKROOT = macosx;
			};
			name = Release;
		};
		6269BFBC1ACCAAA400286BD2 /* Debug */ = {
			isa = XCBuildConfiguration;
			buildSettings = {
				PRODUCT_NAME = "$(TARGET_NAME)";
			};
			name = Debug;
		};
		6269BFBD1ACCAAA400286BD2 /* Release */ = {
			isa = XCBuildConfiguration;
			buildSettings = {
				PRODUCT_NAME = "$(TARGET_NAME)";
			};
			name = Release;
		};
/* End XCBuildConfiguration section */

/* Begin XCConfigurationList section */
		6269BFAF1ACCAAA400286BD2 /* Build configuration list for PBXProject "FinalGraficas" */ = {
			isa = XCConfigurationList;
			buildConfigurations = (
				6269BFB91ACCAAA400286BD2 /* Debug */,
				6269BFBA1ACCAAA400286BD2 /* Release */,
			);
			defaultConfigurationIsVisible = 0;
			defaultConfigurationName = Release;
		};
		6269BFBB1ACCAAA400286BD2 /* Build configuration list for PBXNativeTarget "FinalGraficas" */ = {
			isa = XCConfigurationList;
			buildConfigurations = (
				6269BFBC1ACCAAA400286BD2 /* Debug */,
				6269BFBD1ACCAAA400286BD2 /* Release */,
			);
			defaultConfigurationIsVisible = 0;
			defaultConfigurationName = Release;
		};
/* End XCConfigurationList section */
	};
	rootObject = 6269BFAC1ACCAAA400286BD2 /* Project object */;
}
